
Microsoft Visual Studio Solution File, Format Version 12.00
# Visual Studio 15
Project("{FAE04EC0-301F-11D3-BF4B-00C04F79EFBC}") = "Assembly-CSharp", "Assembly-CSharp.csproj", "{909E1F1F-55C1-5842-4E80-A4C28880E843}"
EndProject
Global
	GlobalSection(SolutionConfigurationPlatforms) = preSolution
		Debug|Any CPU = Debug|Any CPU
		Release|Any CPU = Release|Any CPU
	EndGlobalSection
	GlobalSection(ProjectConfigurationPlatforms) = postSolution
		{909E1F1F-55C1-5842-4E80-A4C28880E843}.Debug|Any CPU.ActiveCfg = Debug|Any CPU
		{909E1F1F-55C1-5842-4E80-A4C28880E843}.Debug|Any CPU.Build.0 = Debug|Any CPU
		{909E1F1F-55C1-5842-4E80-A4C28880E843}.Release|Any CPU.ActiveCfg = Release|Any CPU
		{909E1F1F-55C1-5842-4E80-A4C28880E843}.Release|Any CPU.Build.0 = Release|Any CPU
	EndGlobalSection
	GlobalSection(SolutionProperties) = preSolution
		HideSolutionNode = FALSE
	EndGlobalSection
EndGlobal
